// !$*UTF8*$!
{
	archiveVersion = 1;
	classes = {
	};
	objectVersion = 46;
	objects = {

/* Begin PBXBuildFile section */
		E12A98031346944900B2C63B /* Info.plist in Resources */ = {isa = PBXBuildFile; fileRef = E12A98011346944900B2C63B /* Info.plist */; };
		E12A98041346944900B2C63B /* Prefix.cpp in Sources */ = {isa = PBXBuildFile; fileRef = E12A98021346944900B2C63B /* Prefix.cpp */; };
		E12A98061346949200B2C63B /* ConfigCommon.xcconfig in Resources */ = {isa = PBXBuildFile; fileRef = E12A98051346949200B2C63B /* ConfigCommon.xcconfig */; };
/* End PBXBuildFile section */

/* Begin PBXFileReference section */
		E12A98011346944900B2C63B /* Info.plist */ = {isa = PBXFileReference; fileEncoding = 4; lastKnownFileType = text.plist.xml; name = Info.plist; path = Info.plist; sourceTree = SOURCE_ROOT; };
		E12A98021346944900B2C63B /* Prefix.cpp */ = {isa = PBXFileReference; fileEncoding = 4; lastKnownFileType = sourcecode.cpp.cpp; name = Prefix.cpp; path = Prefix.cpp; sourceTree = SOURCE_ROOT; };
		E12A98051346949200B2C63B /* ConfigCommon.xcconfig */ = {isa = PBXFileReference; fileEncoding = 4; lastKnownFileType = text.xcconfig; name = ConfigCommon.xcconfig; path = ConfigCommon.xcconfig; sourceTree = "<group>"; };
		E12A9807134694CD00B2C63B /* EmptyLibrary.vwlibrary */ = {isa = PBXFileReference; explicitFileType = wrapper.cfbundle; includeInIndex = 0; path = EmptyLibrary.vwlibrary; sourceTree = BUILT_PRODUCTS_DIR; };
		E1C93CC11346921000F8A789 /* Foundation.framework */ = {isa = PBXFileReference; lastKnownFileType = wrapper.framework; name = Foundation.framework; path = System/Library/Frameworks/Foundation.framework; sourceTree = SDKROOT; };
/* End PBXFileReference section */

/* Begin PBXFrameworksBuildPhase section */
		E1C93CB61346921000F8A789 /* Frameworks */ = {
			isa = PBXFrameworksBuildPhase;
			buildActionMask = 2147483647;
			files = (
			);
			runOnlyForDeploymentPostprocessing = 0;
		};
/* End PBXFrameworksBuildPhase section */

/* Begin PBXGroup section */
		E1C93CAB1346911E00F8A789 = {
			isa = PBXGroup;
			children = (
				E12A98051346949200B2C63B /* ConfigCommon.xcconfig */,
				E12A98011346944900B2C63B /* Info.plist */,
				E12A98021346944900B2C63B /* Prefix.cpp */,
				E1C93CC11346921000F8A789 /* Foundation.framework */,
				E12A9807134694CD00B2C63B /* EmptyLibrary.vwlibrary */,
			);
			sourceTree = "<group>";
		};
/* End PBXGroup section */

/* Begin PBXNativeTarget section */
		E1C93CB81346921000F8A789 /* EmptyLibrary */ = {
			isa = PBXNativeTarget;
			buildConfigurationList = E1C93CC91346921000F8A789 /* Build configuration list for PBXNativeTarget "EmptyLibrary" */;
			buildPhases = (
				E1C93CB51346921000F8A789 /* Sources */,
				E1C93CB61346921000F8A789 /* Frameworks */,
				E1C93CB71346921000F8A789 /* Resources */,
			);
			buildRules = (
			);
			dependencies = (
			);
			name = EmptyLibrary;
			productName = EmptyLibrary;
			productReference = E12A9807134694CD00B2C63B /* EmptyLibrary.vwlibrary */;
			productType = "com.apple.product-type.bundle";
		};
/* End PBXNativeTarget section */

/* Begin PBXProject section */
		E1C93CAD1346911E00F8A789 /* Project object */ = {
			isa = PBXProject;
			buildConfigurationList = E1C93CB01346911E00F8A789 /* Build configuration list for PBXProject "EmptyProject" */;
			compatibilityVersion = "Xcode 3.2";
			developmentRegion = English;
			hasScannedForEncodings = 0;
			knownRegions = (
				en,
			);
			mainGroup = E1C93CAB1346911E00F8A789;
			productRefGroup = E1C93CAB1346911E00F8A789;
			projectDirPath = "";
			projectRoot = "";
			targets = (
				E1C93CB81346921000F8A789 /* EmptyLibrary */,
			);
		};
/* End PBXProject section */

/* Begin PBXResourcesBuildPhase section */
		E1C93CB71346921000F8A789 /* Resources */ = {
			isa = PBXResourcesBuildPhase;
			buildActionMask = 2147483647;
			files = (
				E12A98031346944900B2C63B /* Info.plist in Resources */,
				E12A98061346949200B2C63B /* ConfigCommon.xcconfig in Resources */,
			);
			runOnlyForDeploymentPostprocessing = 0;
		};
/* End PBXResourcesBuildPhase section */

/* Begin PBXSourcesBuildPhase section */
		E1C93CB51346921000F8A789 /* Sources */ = {
			isa = PBXSourcesBuildPhase;
			buildActionMask = 2147483647;
			files = (
				E12A98041346944900B2C63B /* Prefix.cpp in Sources */,
			);
			runOnlyForDeploymentPostprocessing = 0;
		};
/* End PBXSourcesBuildPhase section */

/* Begin XCBuildConfiguration section */
		E1C93CB31346911E00F8A789 /* Release */ = {
			isa = XCBuildConfiguration;
			baseConfigurationReference = E12A98051346949200B2C63B /* ConfigCommon.xcconfig */;
			buildSettings = {
			};
			name = Release;
		};
		E1C93CCA1346921000F8A789 /* Release */ = {
			isa = XCBuildConfiguration;
			buildSettings = {
				ALWAYS_SEARCH_USER_PATHS = NO;
				COPY_PHASE_STRIP = YES;
				GCC_C_LANGUAGE_STANDARD = gnu99;
				GCC_ENABLE_OBJC_EXCEPTIONS = YES;
				GCC_PRECOMPILE_PREFIX_HEADER = YES;
				GCC_PREFIX_HEADER = Prefix.cpp;
				GCC_VERSION = com.apple.compilers.llvm.clang.1_0;
				GCC_WARN_64_TO_32_BIT_CONVERSION = YES;
				GCC_WARN_ABOUT_RETURN_TYPE = YES;
				GCC_WARN_UNUSED_VARIABLE = YES;
				INFOPLIST_FILE = Info.plist;
				PRODUCT_NAME = "$(TARGET_NAME)";
			};
			name = Release;
		};
/* End XCBuildConfiguration section */

/* Begin XCConfigurationList section */
		E1C93CB01346911E00F8A789 /* Build configuration list for PBXProject "EmptyProject" */ = {
			isa = XCConfigurationList;
			buildConfigurations = (
				E1C93CB31346911E00F8A789 /* Release */,
			);
			defaultConfigurationIsVisible = 0;
			defaultConfigurationName = Release;
		};
		E1C93CC91346921000F8A789 /* Build configuration list for PBXNativeTarget "EmptyLibrary" */ = {
			isa = XCConfigurationList;
			buildConfigurations = (
				E1C93CCA1346921000F8A789 /* Release */,
			);
			defaultConfigurationIsVisible = 0;
			defaultConfigurationName = Release;
		};
/* End XCConfigurationList section */
	};
	rootObject = E1C93CAD1346911E00F8A789 /* Project object */;
}
