// !$*UTF8*$!
{
	archiveVersion = 1;
	classes = {
	};
	objectVersion = 46;
	objects = {

/* Begin PBXGroup section */
		E11BC64B1326DA8300326384 = {
			isa = PBXGroup;
			children = (
			);
			sourceTree = "<group>";
		};
/* End PBXGroup section */

/* Begin PBXProject section */
		E11BC64D1326DA8300326384 /* Project object */ = {
			isa = PBXProject;
			buildConfigurationList = E11BC6501326DA8300326384 /* Build configuration list for PBXProject "rmTextNote" */;
			compatibilityVersion = "Xcode 3.2";
			developmentRegion = English;
			hasScannedForEncodings = 0;
			knownRegions = (
				en,
			);
			mainGroup = E11BC64B1326DA8300326384;
			projectDirPath = "";
			projectRoot = "";
			targets = (
			);
		};
/* End PBXProject section */

/* Begin XCBuildConfiguration section */
		E11BC6521326DA8300326384 /* Debug */ = {
			isa = XCBuildConfiguration;
			buildSettings = {
			};
			name = Debug;
		};
		E11BC6531326DA8300326384 /* Release */ = {
			isa = XCBuildConfiguration;
			buildSettings = {
			};
			name = Release;
		};
/* End XCBuildConfiguration section */

/* Begin XCConfigurationList section */
		E11BC6501326DA8300326384 /* Build configuration list for PBXProject "rmTextNote" */ = {
			isa = XCConfigurationList;
			buildConfigurations = (
				E11BC6521326DA8300326384 /* Debug */,
				E11BC6531326DA8300326384 /* Release */,
			);
			defaultConfigurationIsVisible = 0;
			defaultConfigurationName = Release;
		};
/* End XCConfigurationList section */
	};
	rootObject = E11BC64D1326DA8300326384 /* Project object */;
}
